// !$*UTF8*$!
{
	archiveVersion = 1;
	classes = {
	};
	objectVersion = 52;
	objects = {

/* Begin PBXBuildFile section */
		21C112A752C211CDB61DD38C /* Pods_FinaleControl.framework in Frameworks */ = {isa = PBXBuildFile; fileRef = 0B67B97A02DEFB5D264F37E5 /* Pods_FinaleControl.framework */; };
		631137B924F1D0CB0082DF52 /* TCPClient.swift in Sources */ = {isa = PBXBuildFile; fileRef = 631137B824F1D0CB0082DF52 /* TCPClient.swift */; };
		631137BA24F1D0CB0082DF52 /* ClientConnection.swift in Sources */ = {isa = PBXBuildFile; fileRef = 631137B724F1D0CB0082DF52 /* ClientConnection.swift */; };
		631B545D24F741E100FA3E16 /* fc-icon-wb-24.png in Resources */ = {isa = PBXBuildFile; fileRef = 631B545C24F741E100FA3E16 /* fc-icon-wb-24.png */; };
		632E65D7251822E600C204BD /* icon_32x32@2x.png in Resources */ = {isa = PBXBuildFile; fileRef = 632E65D6251822E600C204BD /* icon_32x32@2x.png */; };
		632E65D92518237D00C204BD /* fc-icon-wb.png in Resources */ = {isa = PBXBuildFile; fileRef = 632E65D82518237D00C204BD /* fc-icon-wb.png */; };
		632F549824DE7A73009137A8 /* ViewController.swift in Sources */ = {isa = PBXBuildFile; fileRef = 632F549724DE7A73009137A8 /* ViewController.swift */; };
		632F549F24DF5337009137A8 /* index.html in Resources */ = {isa = PBXBuildFile; fileRef = 632F549C24DF4C72009137A8 /* index.html */; };
		63864E4E24E8888B004ECC6D /* TPPlugin.swift in Sources */ = {isa = PBXBuildFile; fileRef = 63864E4D24E8888B004ECC6D /* TPPlugin.swift */; };
		63864E5024E89397004ECC6D /* entry.tp in Resources */ = {isa = PBXBuildFile; fileRef = 63864E4F24E89397004ECC6D /* entry.tp */; };
		63864E5224E9D3BE004ECC6D /* Logging.swift in Sources */ = {isa = PBXBuildFile; fileRef = 63864E5124E9D3BE004ECC6D /* Logging.swift */; };
		63941DA124DCB29900A9C06A /* AppDelegate.swift in Sources */ = {isa = PBXBuildFile; fileRef = 63941DA024DCB29900A9C06A /* AppDelegate.swift */; };
		63941DA524DCB29C00A9C06A /* Assets.xcassets in Resources */ = {isa = PBXBuildFile; fileRef = 63941DA424DCB29C00A9C06A /* Assets.xcassets */; };
		63941DA824DCB29C00A9C06A /* Preview Assets.xcassets in Resources */ = {isa = PBXBuildFile; fileRef = 63941DA724DCB29C00A9C06A /* Preview Assets.xcassets */; };
		63941DAB24DCB29C00A9C06A /* Main.storyboard in Resources */ = {isa = PBXBuildFile; fileRef = 63941DA924DCB29C00A9C06A /* Main.storyboard */; };
		63941DB724DCB29C00A9C06A /* FinaleControlTests.swift in Sources */ = {isa = PBXBuildFile; fileRef = 63941DB624DCB29C00A9C06A /* FinaleControlTests.swift */; };
		63941DC224DCB29C00A9C06A /* FinaleControlUITests.swift in Sources */ = {isa = PBXBuildFile; fileRef = 63941DC124DCB29C00A9C06A /* FinaleControlUITests.swift */; };
		63941DD024DCB30100A9C06A /* main.swift in Sources */ = {isa = PBXBuildFile; fileRef = 63941DCF24DCB30100A9C06A /* main.swift */; };
		63941DD624DCB31000A9C06A /* RestHandler.swift in Sources */ = {isa = PBXBuildFile; fileRef = 63941DD324DCB31000A9C06A /* RestHandler.swift */; };
		639DD0C224E203E500F4A879 /* WebAssets in Resources */ = {isa = PBXBuildFile; fileRef = 639DD0C124E203E500F4A879 /* WebAssets */; };
/* End PBXBuildFile section */

/* Begin PBXContainerItemProxy section */
		63941DB324DCB29C00A9C06A /* PBXContainerItemProxy */ = {
			isa = PBXContainerItemProxy;
			containerPortal = 63941D9524DCB29900A9C06A /* Project object */;
			proxyType = 1;
			remoteGlobalIDString = 63941D9C24DCB29900A9C06A;
			remoteInfo = FinaleControl;
		};
		63941DBE24DCB29C00A9C06A /* PBXContainerItemProxy */ = {
			isa = PBXContainerItemProxy;
			containerPortal = 63941D9524DCB29900A9C06A /* Project object */;
			proxyType = 1;
			remoteGlobalIDString = 63941D9C24DCB29900A9C06A;
			remoteInfo = FinaleControl;
		};
/* End PBXContainerItemProxy section */

/* Begin PBXFileReference section */
		0B67B97A02DEFB5D264F37E5 /* Pods_FinaleControl.framework */ = {isa = PBXFileReference; explicitFileType = wrapper.framework; includeInIndex = 0; path = Pods_FinaleControl.framework; sourceTree = BUILT_PRODUCTS_DIR; };
		5FCBCF983F325202EB1100C1 /* Pods-FinaleControl.release.xcconfig */ = {isa = PBXFileReference; includeInIndex = 1; lastKnownFileType = text.xcconfig; name = "Pods-FinaleControl.release.xcconfig"; path = "Target Support Files/Pods-FinaleControl/Pods-FinaleControl.release.xcconfig"; sourceTree = "<group>"; };
		631137B724F1D0CB0082DF52 /* ClientConnection.swift */ = {isa = PBXFileReference; lastKnownFileType = sourcecode.swift; path = ClientConnection.swift; sourceTree = "<group>"; };
		631137B824F1D0CB0082DF52 /* TCPClient.swift */ = {isa = PBXFileReference; lastKnownFileType = sourcecode.swift; path = TCPClient.swift; sourceTree = "<group>"; };
		631B545C24F741E100FA3E16 /* fc-icon-wb-24.png */ = {isa = PBXFileReference; lastKnownFileType = image.png; path = "fc-icon-wb-24.png"; sourceTree = "<group>"; };
		631B545E24F7423500FA3E16 /* fc-icon-wb-24.png */ = {isa = PBXFileReference; lastKnownFileType = image.png; name = "fc-icon-wb-24.png"; path = "Resources/fc-icon-wb-24.png"; sourceTree = "<group>"; };
		632E65D6251822E600C204BD /* icon_32x32@2x.png */ = {isa = PBXFileReference; lastKnownFileType = image.png; path = "icon_32x32@2x.png"; sourceTree = "<group>"; };
		632E65D82518237D00C204BD /* fc-icon-wb.png */ = {isa = PBXFileReference; lastKnownFileType = image.png; path = "fc-icon-wb.png"; sourceTree = "<group>"; };
		632F549724DE7A73009137A8 /* ViewController.swift */ = {isa = PBXFileReference; fileEncoding = 4; lastKnownFileType = sourcecode.swift; path = ViewController.swift; sourceTree = "<group>"; };
		632F549C24DF4C72009137A8 /* index.html */ = {isa = PBXFileReference; lastKnownFileType = text.html; path = index.html; sourceTree = "<group>"; };
		632F549E24DF4FC1009137A8 /* index.html */ = {isa = PBXFileReference; lastKnownFileType = text.html; name = index.html; path = Resources/index.html; sourceTree = "<group>"; };
		63864E4D24E8888B004ECC6D /* TPPlugin.swift */ = {isa = PBXFileReference; lastKnownFileType = sourcecode.swift; path = TPPlugin.swift; sourceTree = "<group>"; };
		63864E4F24E89397004ECC6D /* entry.tp */ = {isa = PBXFileReference; explicitFileType = text.json; fileEncoding = 4; path = entry.tp; sourceTree = "<group>"; };
		63864E5124E9D3BE004ECC6D /* Logging.swift */ = {isa = PBXFileReference; lastKnownFileType = sourcecode.swift; path = Logging.swift; sourceTree = "<group>"; };
		63941D9D24DCB29900A9C06A /* FinaleControl.app */ = {isa = PBXFileReference; explicitFileType = wrapper.application; includeInIndex = 0; path = FinaleControl.app; sourceTree = BUILT_PRODUCTS_DIR; };
		63941DA024DCB29900A9C06A /* AppDelegate.swift */ = {isa = PBXFileReference; lastKnownFileType = sourcecode.swift; path = AppDelegate.swift; sourceTree = "<group>"; };
		63941DA424DCB29C00A9C06A /* Assets.xcassets */ = {isa = PBXFileReference; lastKnownFileType = folder.assetcatalog; path = Assets.xcassets; sourceTree = "<group>"; };
		63941DA724DCB29C00A9C06A /* Preview Assets.xcassets */ = {isa = PBXFileReference; lastKnownFileType = folder.assetcatalog; path = "Preview Assets.xcassets"; sourceTree = "<group>"; };
		63941DAA24DCB29C00A9C06A /* Base */ = {isa = PBXFileReference; lastKnownFileType = file.storyboard; name = Base; path = Base.lproj/Main.storyboard; sourceTree = "<group>"; };
		63941DAC24DCB29C00A9C06A /* Info.plist */ = {isa = PBXFileReference; lastKnownFileType = text.plist.xml; path = Info.plist; sourceTree = "<group>"; };
		63941DAD24DCB29C00A9C06A /* FinaleControl.entitlements */ = {isa = PBXFileReference; lastKnownFileType = text.plist.entitlements; path = FinaleControl.entitlements; sourceTree = "<group>"; };
		63941DB224DCB29C00A9C06A /* FinaleControlTests.xctest */ = {isa = PBXFileReference; explicitFileType = wrapper.cfbundle; includeInIndex = 0; path = FinaleControlTests.xctest; sourceTree = BUILT_PRODUCTS_DIR; };
		63941DB624DCB29C00A9C06A /* FinaleControlTests.swift */ = {isa = PBXFileReference; lastKnownFileType = sourcecode.swift; path = FinaleControlTests.swift; sourceTree = "<group>"; };
		63941DB824DCB29C00A9C06A /* Info.plist */ = {isa = PBXFileReference; lastKnownFileType = text.plist.xml; path = Info.plist; sourceTree = "<group>"; };
		63941DBD24DCB29C00A9C06A /* FinaleControlUITests.xctest */ = {isa = PBXFileReference; explicitFileType = wrapper.cfbundle; includeInIndex = 0; path = FinaleControlUITests.xctest; sourceTree = BUILT_PRODUCTS_DIR; };
		63941DC124DCB29C00A9C06A /* FinaleControlUITests.swift */ = {isa = PBXFileReference; lastKnownFileType = sourcecode.swift; path = FinaleControlUITests.swift; sourceTree = "<group>"; };
		63941DC324DCB29C00A9C06A /* Info.plist */ = {isa = PBXFileReference; lastKnownFileType = text.plist.xml; path = Info.plist; sourceTree = "<group>"; };
		63941DCF24DCB30100A9C06A /* main.swift */ = {isa = PBXFileReference; fileEncoding = 4; lastKnownFileType = sourcecode.swift; path = main.swift; sourceTree = "<group>"; };
		63941DD324DCB31000A9C06A /* RestHandler.swift */ = {isa = PBXFileReference; fileEncoding = 4; lastKnownFileType = sourcecode.swift; path = RestHandler.swift; sourceTree = "<group>"; };
		639DD0C124E203E500F4A879 /* WebAssets */ = {isa = PBXFileReference; lastKnownFileType = folder; name = WebAssets; path = Resources/WebAssets; sourceTree = "<group>"; };
		DE5275AE5071CDF128A75F17 /* Pods-FinaleControl.debug.xcconfig */ = {isa = PBXFileReference; includeInIndex = 1; lastKnownFileType = text.xcconfig; name = "Pods-FinaleControl.debug.xcconfig"; path = "Target Support Files/Pods-FinaleControl/Pods-FinaleControl.debug.xcconfig"; sourceTree = "<group>"; };
/* End PBXFileReference section */

/* Begin PBXFrameworksBuildPhase section */
		63941D9A24DCB29900A9C06A /* Frameworks */ = {
			isa = PBXFrameworksBuildPhase;
			buildActionMask = 2147483647;
			files = (
				21C112A752C211CDB61DD38C /* Pods_FinaleControl.framework in Frameworks */,
			);
			runOnlyForDeploymentPostprocessing = 0;
		};
		63941DAF24DCB29C00A9C06A /* Frameworks */ = {
			isa = PBXFrameworksBuildPhase;
			buildActionMask = 2147483647;
			files = (
			);
			runOnlyForDeploymentPostprocessing = 0;
		};
		63941DBA24DCB29C00A9C06A /* Frameworks */ = {
			isa = PBXFrameworksBuildPhase;
			buildActionMask = 2147483647;
			files = (
			);
			runOnlyForDeploymentPostprocessing = 0;
		};
/* End PBXFrameworksBuildPhase section */

/* Begin PBXGroup section */
		1628AA79701F117E5BF98599 /* Frameworks */ = {
			isa = PBXGroup;
			children = (
				0B67B97A02DEFB5D264F37E5 /* Pods_FinaleControl.framework */,
			);
			name = Frameworks;
			sourceTree = "<group>";
		};
		1DAF95B3A9652353B14C4E36 /* Pods */ = {
			isa = PBXGroup;
			children = (
				DE5275AE5071CDF128A75F17 /* Pods-FinaleControl.debug.xcconfig */,
				5FCBCF983F325202EB1100C1 /* Pods-FinaleControl.release.xcconfig */,
			);
			path = Pods;
			sourceTree = "<group>";
		};
		632F549B24DF4B3C009137A8 /* Resources */ = {
			isa = PBXGroup;
			children = (
				632E65D82518237D00C204BD /* fc-icon-wb.png */,
				632E65D6251822E600C204BD /* icon_32x32@2x.png */,
				63864E4F24E89397004ECC6D /* entry.tp */,
				631B545C24F741E100FA3E16 /* fc-icon-wb-24.png */,
				639DD0C024E2030C00F4A879 /* WebAssets */,
				632F549C24DF4C72009137A8 /* index.html */,
			);
			path = Resources;
			sourceTree = "<group>";
		};
		63941D9424DCB29900A9C06A = {
			isa = PBXGroup;
			children = (
				631B545E24F7423500FA3E16 /* fc-icon-wb-24.png */,
				639DD0C124E203E500F4A879 /* WebAssets */,
				632F549E24DF4FC1009137A8 /* index.html */,
				632F549B24DF4B3C009137A8 /* Resources */,
				63941D9F24DCB29900A9C06A /* FinaleControl */,
				63941DB524DCB29C00A9C06A /* FinaleControlTests */,
				63941DC024DCB29C00A9C06A /* FinaleControlUITests */,
				63941D9E24DCB29900A9C06A /* Products */,
				1DAF95B3A9652353B14C4E36 /* Pods */,
				1628AA79701F117E5BF98599 /* Frameworks */,
			);
			sourceTree = "<group>";
		};
		63941D9E24DCB29900A9C06A /* Products */ = {
			isa = PBXGroup;
			children = (
				63941D9D24DCB29900A9C06A /* FinaleControl.app */,
				63941DB224DCB29C00A9C06A /* FinaleControlTests.xctest */,
				63941DBD24DCB29C00A9C06A /* FinaleControlUITests.xctest */,
			);
			name = Products;
			sourceTree = "<group>";
		};
		63941D9F24DCB29900A9C06A /* FinaleControl */ = {
			isa = PBXGroup;
			children = (
				63941DA024DCB29900A9C06A /* AppDelegate.swift */,
				63941DCF24DCB30100A9C06A /* main.swift */,
				631137B724F1D0CB0082DF52 /* ClientConnection.swift */,
				631137B824F1D0CB0082DF52 /* TCPClient.swift */,
				632F549724DE7A73009137A8 /* ViewController.swift */,
				63941DD324DCB31000A9C06A /* RestHandler.swift */,
				63864E4D24E8888B004ECC6D /* TPPlugin.swift */,
				63864E5124E9D3BE004ECC6D /* Logging.swift */,
				63941DA424DCB29C00A9C06A /* Assets.xcassets */,
				63941DA924DCB29C00A9C06A /* Main.storyboard */,
				63941DAC24DCB29C00A9C06A /* Info.plist */,
				63941DAD24DCB29C00A9C06A /* FinaleControl.entitlements */,
				63941DA624DCB29C00A9C06A /* Preview Content */,
			);
			path = FinaleControl;
			sourceTree = "<group>";
		};
		63941DA624DCB29C00A9C06A /* Preview Content */ = {
			isa = PBXGroup;
			children = (
				63941DA724DCB29C00A9C06A /* Preview Assets.xcassets */,
			);
			path = "Preview Content";
			sourceTree = "<group>";
		};
		63941DB524DCB29C00A9C06A /* FinaleControlTests */ = {
			isa = PBXGroup;
			children = (
				63941DB624DCB29C00A9C06A /* FinaleControlTests.swift */,
				63941DB824DCB29C00A9C06A /* Info.plist */,
			);
			path = FinaleControlTests;
			sourceTree = "<group>";
		};
		63941DC024DCB29C00A9C06A /* FinaleControlUITests */ = {
			isa = PBXGroup;
			children = (
				63941DC124DCB29C00A9C06A /* FinaleControlUITests.swift */,
				63941DC324DCB29C00A9C06A /* Info.plist */,
			);
			path = FinaleControlUITests;
			sourceTree = "<group>";
		};
		639DD0C024E2030C00F4A879 /* WebAssets */ = {
			isa = PBXGroup;
			children = (
			);
			path = WebAssets;
			sourceTree = "<group>";
		};
/* End PBXGroup section */

/* Begin PBXNativeTarget section */
		63941D9C24DCB29900A9C06A /* FinaleControl */ = {
			isa = PBXNativeTarget;
			buildConfigurationList = 63941DC624DCB29C00A9C06A /* Build configuration list for PBXNativeTarget "FinaleControl" */;
			buildPhases = (
				7F083540EE437F78693593D1 /* [CP] Check Pods Manifest.lock */,
				63941D9924DCB29900A9C06A /* Sources */,
				63941D9A24DCB29900A9C06A /* Frameworks */,
				63941D9B24DCB29900A9C06A /* Resources */,
				417948C883ED36DD6C6167FE /* [CP] Embed Pods Frameworks */,
			);
			buildRules = (
			);
			dependencies = (
			);
			name = FinaleControl;
			packageProductDependencies = (
			);
			productName = FinaleControl;
			productReference = 63941D9D24DCB29900A9C06A /* FinaleControl.app */;
			productType = "com.apple.product-type.application";
		};
		63941DB124DCB29C00A9C06A /* FinaleControlTests */ = {
			isa = PBXNativeTarget;
			buildConfigurationList = 63941DC924DCB29C00A9C06A /* Build configuration list for PBXNativeTarget "FinaleControlTests" */;
			buildPhases = (
				63941DAE24DCB29C00A9C06A /* Sources */,
				63941DAF24DCB29C00A9C06A /* Frameworks */,
				63941DB024DCB29C00A9C06A /* Resources */,
			);
			buildRules = (
			);
			dependencies = (
				63941DB424DCB29C00A9C06A /* PBXTargetDependency */,
			);
			name = FinaleControlTests;
			productName = FinaleControlTests;
			productReference = 63941DB224DCB29C00A9C06A /* FinaleControlTests.xctest */;
			productType = "com.apple.product-type.bundle.unit-test";
		};
		63941DBC24DCB29C00A9C06A /* FinaleControlUITests */ = {
			isa = PBXNativeTarget;
			buildConfigurationList = 63941DCC24DCB29C00A9C06A /* Build configuration list for PBXNativeTarget "FinaleControlUITests" */;
			buildPhases = (
				63941DB924DCB29C00A9C06A /* Sources */,
				63941DBA24DCB29C00A9C06A /* Frameworks */,
				63941DBB24DCB29C00A9C06A /* Resources */,
			);
			buildRules = (
			);
			dependencies = (
				63941DBF24DCB29C00A9C06A /* PBXTargetDependency */,
			);
			name = FinaleControlUITests;
			productName = FinaleControlUITests;
			productReference = 63941DBD24DCB29C00A9C06A /* FinaleControlUITests.xctest */;
			productType = "com.apple.product-type.bundle.ui-testing";
		};
/* End PBXNativeTarget section */

/* Begin PBXProject section */
		63941D9524DCB29900A9C06A /* Project object */ = {
			isa = PBXProject;
			attributes = {
				KnownAssetTags = (
					New,
				);
				LastSwiftUpdateCheck = 1130;
				LastUpgradeCheck = 1130;
				ORGANIZATIONNAME = Music3149;
				TargetAttributes = {
					63941D9C24DCB29900A9C06A = {
						CreatedOnToolsVersion = 11.3.1;
					};
					63941DB124DCB29C00A9C06A = {
						CreatedOnToolsVersion = 11.3.1;
						TestTargetID = 63941D9C24DCB29900A9C06A;
					};
					63941DBC24DCB29C00A9C06A = {
						CreatedOnToolsVersion = 11.3.1;
						TestTargetID = 63941D9C24DCB29900A9C06A;
					};
				};
			};
			buildConfigurationList = 63941D9824DCB29900A9C06A /* Build configuration list for PBXProject "FinaleControl" */;
			compatibilityVersion = "Xcode 9.3";
			developmentRegion = en;
			hasScannedForEncodings = 0;
			knownRegions = (
				en,
				Base,
			);
			mainGroup = 63941D9424DCB29900A9C06A;
			packageReferences = (
				63941DE324DCB4A200A9C06A /* XCRemoteSwiftPackageReference "swifter" */,
				63941DE924DCBEB400A9C06A /* XCRemoteSwiftPackageReference "AXSwift" */,
				63941DEC24DCBFBA00A9C06A /* XCRemoteSwiftPackageReference "PromiseKit" */,
			);
			productRefGroup = 63941D9E24DCB29900A9C06A /* Products */;
			projectDirPath = "";
			projectRoot = "";
			targets = (
				63941D9C24DCB29900A9C06A /* FinaleControl */,
				63941DB124DCB29C00A9C06A /* FinaleControlTests */,
				63941DBC24DCB29C00A9C06A /* FinaleControlUITests */,
			);
		};
/* End PBXProject section */

/* Begin PBXResourcesBuildPhase section */
		63941D9B24DCB29900A9C06A /* Resources */ = {
			isa = PBXResourcesBuildPhase;
			buildActionMask = 2147483647;
			files = (
				632E65D7251822E600C204BD /* icon_32x32@2x.png in Resources */,
				631B545D24F741E100FA3E16 /* fc-icon-wb-24.png in Resources */,
				639DD0C224E203E500F4A879 /* WebAssets in Resources */,
				632F549F24DF5337009137A8 /* index.html in Resources */,
				63864E5024E89397004ECC6D /* entry.tp in Resources */,
				632E65D92518237D00C204BD /* fc-icon-wb.png in Resources */,
				63941DAB24DCB29C00A9C06A /* Main.storyboard in Resources */,
				63941DA824DCB29C00A9C06A /* Preview Assets.xcassets in Resources */,
				63941DA524DCB29C00A9C06A /* Assets.xcassets in Resources */,
			);
			runOnlyForDeploymentPostprocessing = 0;
		};
		63941DB024DCB29C00A9C06A /* Resources */ = {
			isa = PBXResourcesBuildPhase;
			buildActionMask = 2147483647;
			files = (
			);
			runOnlyForDeploymentPostprocessing = 0;
		};
		63941DBB24DCB29C00A9C06A /* Resources */ = {
			isa = PBXResourcesBuildPhase;
			buildActionMask = 2147483647;
			files = (
			);
			runOnlyForDeploymentPostprocessing = 0;
		};
/* End PBXResourcesBuildPhase section */

/* Begin PBXShellScriptBuildPhase section */
		417948C883ED36DD6C6167FE /* [CP] Embed Pods Frameworks */ = {
			isa = PBXShellScriptBuildPhase;
			buildActionMask = 2147483647;
			files = (
			);
			inputFileListPaths = (
				"${PODS_ROOT}/Target Support Files/Pods-FinaleControl/Pods-FinaleControl-frameworks-${CONFIGURATION}-input-files.xcfilelist",
			);
			name = "[CP] Embed Pods Frameworks";
			outputFileListPaths = (
				"${PODS_ROOT}/Target Support Files/Pods-FinaleControl/Pods-FinaleControl-frameworks-${CONFIGURATION}-output-files.xcfilelist",
			);
			runOnlyForDeploymentPostprocessing = 0;
			shellPath = /bin/sh;
			shellScript = "\"${PODS_ROOT}/Target Support Files/Pods-FinaleControl/Pods-FinaleControl-frameworks.sh\"\n";
			showEnvVarsInLog = 0;
		};
		7F083540EE437F78693593D1 /* [CP] Check Pods Manifest.lock */ = {
			isa = PBXShellScriptBuildPhase;
			buildActionMask = 2147483647;
			files = (
			);
			inputFileListPaths = (
			);
			inputPaths = (
				"${PODS_PODFILE_DIR_PATH}/Podfile.lock",
				"${PODS_ROOT}/Manifest.lock",
			);
			name = "[CP] Check Pods Manifest.lock";
			outputFileListPaths = (
			);
			outputPaths = (
				"$(DERIVED_FILE_DIR)/Pods-FinaleControl-checkManifestLockResult.txt",
			);
			runOnlyForDeploymentPostprocessing = 0;
			shellPath = /bin/sh;
			shellScript = "diff \"${PODS_PODFILE_DIR_PATH}/Podfile.lock\" \"${PODS_ROOT}/Manifest.lock\" > /dev/null\nif [ $? != 0 ] ; then\n    # print error to STDERR\n    echo \"error: The sandbox is not in sync with the Podfile.lock. Run 'pod install' or update your CocoaPods installation.\" >&2\n    exit 1\nfi\n# This output is used by Xcode 'outputs' to avoid re-running this script phase.\necho \"SUCCESS\" > \"${SCRIPT_OUTPUT_FILE_0}\"\n";
			showEnvVarsInLog = 0;
		};
/* End PBXShellScriptBuildPhase section */

/* Begin PBXSourcesBuildPhase section */
		63941D9924DCB29900A9C06A /* Sources */ = {
			isa = PBXSourcesBuildPhase;
			buildActionMask = 2147483647;
			files = (
				631137BA24F1D0CB0082DF52 /* ClientConnection.swift in Sources */,
				631137B924F1D0CB0082DF52 /* TCPClient.swift in Sources */,
				632F549824DE7A73009137A8 /* ViewController.swift in Sources */,
				63941DD624DCB31000A9C06A /* RestHandler.swift in Sources */,
				63941DA124DCB29900A9C06A /* AppDelegate.swift in Sources */,
				63941DD024DCB30100A9C06A /* main.swift in Sources */,
				63864E4E24E8888B004ECC6D /* TPPlugin.swift in Sources */,
				63864E5224E9D3BE004ECC6D /* Logging.swift in Sources */,
			);
			runOnlyForDeploymentPostprocessing = 0;
		};
		63941DAE24DCB29C00A9C06A /* Sources */ = {
			isa = PBXSourcesBuildPhase;
			buildActionMask = 2147483647;
			files = (
				63941DB724DCB29C00A9C06A /* FinaleControlTests.swift in Sources */,
			);
			runOnlyForDeploymentPostprocessing = 0;
		};
		63941DB924DCB29C00A9C06A /* Sources */ = {
			isa = PBXSourcesBuildPhase;
			buildActionMask = 2147483647;
			files = (
				63941DC224DCB29C00A9C06A /* FinaleControlUITests.swift in Sources */,
			);
			runOnlyForDeploymentPostprocessing = 0;
		};
/* End PBXSourcesBuildPhase section */

/* Begin PBXTargetDependency section */
		63941DB424DCB29C00A9C06A /* PBXTargetDependency */ = {
			isa = PBXTargetDependency;
			target = 63941D9C24DCB29900A9C06A /* FinaleControl */;
			targetProxy = 63941DB324DCB29C00A9C06A /* PBXContainerItemProxy */;
		};
		63941DBF24DCB29C00A9C06A /* PBXTargetDependency */ = {
			isa = PBXTargetDependency;
			target = 63941D9C24DCB29900A9C06A /* FinaleControl */;
			targetProxy = 63941DBE24DCB29C00A9C06A /* PBXContainerItemProxy */;
		};
/* End PBXTargetDependency section */

/* Begin PBXVariantGroup section */
		63941DA924DCB29C00A9C06A /* Main.storyboard */ = {
			isa = PBXVariantGroup;
			children = (
				63941DAA24DCB29C00A9C06A /* Base */,
			);
			name = Main.storyboard;
			sourceTree = "<group>";
		};
/* End PBXVariantGroup section */

/* Begin XCBuildConfiguration section */
		63941DC424DCB29C00A9C06A /* Debug */ = {
			isa = XCBuildConfiguration;
			buildSettings = {
				ALWAYS_SEARCH_USER_PATHS = NO;
				CLANG_ANALYZER_NONNULL = YES;
				CLANG_ANALYZER_NUMBER_OBJECT_CONVERSION = YES_AGGRESSIVE;
				CLANG_CXX_LANGUAGE_STANDARD = "gnu++14";
				CLANG_CXX_LIBRARY = "libc++";
				CLANG_ENABLE_MODULES = YES;
				CLANG_ENABLE_OBJC_ARC = YES;
				CLANG_ENABLE_OBJC_WEAK = YES;
				CLANG_WARN_BLOCK_CAPTURE_AUTORELEASING = YES;
				CLANG_WARN_BOOL_CONVERSION = YES;
				CLANG_WARN_COMMA = YES;
				CLANG_WARN_CONSTANT_CONVERSION = YES;
				CLANG_WARN_DEPRECATED_OBJC_IMPLEMENTATIONS = YES;
				CLANG_WARN_DIRECT_OBJC_ISA_USAGE = YES_ERROR;
				CLANG_WARN_DOCUMENTATION_COMMENTS = YES;
				CLANG_WARN_EMPTY_BODY = YES;
				CLANG_WARN_ENUM_CONVERSION = YES;
				CLANG_WARN_INFINITE_RECURSION = YES;
				CLANG_WARN_INT_CONVERSION = YES;
				CLANG_WARN_NON_LITERAL_NULL_CONVERSION = YES;
				CLANG_WARN_OBJC_IMPLICIT_RETAIN_SELF = YES;
				CLANG_WARN_OBJC_LITERAL_CONVERSION = YES;
				CLANG_WARN_OBJC_ROOT_CLASS = YES_ERROR;
				CLANG_WARN_RANGE_LOOP_ANALYSIS = YES;
				CLANG_WARN_STRICT_PROTOTYPES = YES;
				CLANG_WARN_SUSPICIOUS_MOVE = YES;
				CLANG_WARN_UNGUARDED_AVAILABILITY = YES_AGGRESSIVE;
				CLANG_WARN_UNREACHABLE_CODE = YES;
				CLANG_WARN__DUPLICATE_METHOD_MATCH = YES;
				COPY_PHASE_STRIP = NO;
				DEBUG_INFORMATION_FORMAT = dwarf;
				ENABLE_STRICT_OBJC_MSGSEND = YES;
				ENABLE_TESTABILITY = YES;
				GCC_C_LANGUAGE_STANDARD = gnu11;
				GCC_DYNAMIC_NO_PIC = NO;
				GCC_NO_COMMON_BLOCKS = YES;
				GCC_OPTIMIZATION_LEVEL = 0;
				GCC_PREPROCESSOR_DEFINITIONS = (
					"DEBUG=1",
					"$(inherited)",
				);
				GCC_WARN_64_TO_32_BIT_CONVERSION = YES;
				GCC_WARN_ABOUT_RETURN_TYPE = YES_ERROR;
				GCC_WARN_UNDECLARED_SELECTOR = YES;
				GCC_WARN_UNINITIALIZED_AUTOS = YES_AGGRESSIVE;
				GCC_WARN_UNUSED_FUNCTION = YES;
				GCC_WARN_UNUSED_VARIABLE = YES;
				MACOSX_DEPLOYMENT_TARGET = 10.14;
				MTL_ENABLE_DEBUG_INFO = INCLUDE_SOURCE;
				MTL_FAST_MATH = YES;
				ONLY_ACTIVE_ARCH = YES;
				SDKROOT = macosx;
				SWIFT_ACTIVE_COMPILATION_CONDITIONS = DEBUG;
				SWIFT_OPTIMIZATION_LEVEL = "-Onone";
			};
			name = Debug;
		};
		63941DC524DCB29C00A9C06A /* Release */ = {
			isa = XCBuildConfiguration;
			buildSettings = {
				ALWAYS_SEARCH_USER_PATHS = NO;
				CLANG_ANALYZER_NONNULL = YES;
				CLANG_ANALYZER_NUMBER_OBJECT_CONVERSION = YES_AGGRESSIVE;
				CLANG_CXX_LANGUAGE_STANDARD = "gnu++14";
				CLANG_CXX_LIBRARY = "libc++";
				CLANG_ENABLE_MODULES = YES;
				CLANG_ENABLE_OBJC_ARC = YES;
				CLANG_ENABLE_OBJC_WEAK = YES;
				CLANG_WARN_BLOCK_CAPTURE_AUTORELEASING = YES;
				CLANG_WARN_BOOL_CONVERSION = YES;
				CLANG_WARN_COMMA = YES;
				CLANG_WARN_CONSTANT_CONVERSION = YES;
				CLANG_WARN_DEPRECATED_OBJC_IMPLEMENTATIONS = YES;
				CLANG_WARN_DIRECT_OBJC_ISA_USAGE = YES_ERROR;
				CLANG_WARN_DOCUMENTATION_COMMENTS = YES;
				CLANG_WARN_EMPTY_BODY = YES;
				CLANG_WARN_ENUM_CONVERSION = YES;
				CLANG_WARN_INFINITE_RECURSION = YES;
				CLANG_WARN_INT_CONVERSION = YES;
				CLANG_WARN_NON_LITERAL_NULL_CONVERSION = YES;
				CLANG_WARN_OBJC_IMPLICIT_RETAIN_SELF = YES;
				CLANG_WARN_OBJC_LITERAL_CONVERSION = YES;
				CLANG_WARN_OBJC_ROOT_CLASS = YES_ERROR;
				CLANG_WARN_RANGE_LOOP_ANALYSIS = YES;
				CLANG_WARN_STRICT_PROTOTYPES = YES;
				CLANG_WARN_SUSPICIOUS_MOVE = YES;
				CLANG_WARN_UNGUARDED_AVAILABILITY = YES_AGGRESSIVE;
				CLANG_WARN_UNREACHABLE_CODE = YES;
				CLANG_WARN__DUPLICATE_METHOD_MATCH = YES;
				COPY_PHASE_STRIP = NO;
				DEBUG_INFORMATION_FORMAT = "dwarf-with-dsym";
				ENABLE_NS_ASSERTIONS = NO;
				ENABLE_STRICT_OBJC_MSGSEND = YES;
				GCC_C_LANGUAGE_STANDARD = gnu11;
				GCC_NO_COMMON_BLOCKS = YES;
				GCC_WARN_64_TO_32_BIT_CONVERSION = YES;
				GCC_WARN_ABOUT_RETURN_TYPE = YES_ERROR;
				GCC_WARN_UNDECLARED_SELECTOR = YES;
				GCC_WARN_UNINITIALIZED_AUTOS = YES_AGGRESSIVE;
				GCC_WARN_UNUSED_FUNCTION = YES;
				GCC_WARN_UNUSED_VARIABLE = YES;
				MACOSX_DEPLOYMENT_TARGET = 10.14;
				MTL_ENABLE_DEBUG_INFO = NO;
				MTL_FAST_MATH = YES;
				SDKROOT = macosx;
				SWIFT_COMPILATION_MODE = wholemodule;
				SWIFT_OPTIMIZATION_LEVEL = "-O";
			};
			name = Release;
		};
		63941DC724DCB29C00A9C06A /* Debug */ = {
			isa = XCBuildConfiguration;
			baseConfigurationReference = DE5275AE5071CDF128A75F17 /* Pods-FinaleControl.debug.xcconfig */;
			buildSettings = {
				ASSETCATALOG_COMPILER_APPICON_NAME = AppIcon;
				CODE_SIGN_ENTITLEMENTS = FinaleControl/FinaleControl.entitlements;
				CODE_SIGN_STYLE = Automatic;
				COMBINE_HIDPI_IMAGES = YES;
				CURRENT_PROJECT_VERSION = 8;
				DEVELOPMENT_ASSET_PATHS = "\"FinaleControl/Preview Content\"";
				DEVELOPMENT_TEAM = 235985W3SD;
				ENABLE_PREVIEWS = YES;
				INFOPLIST_FILE = FinaleControl/Info.plist;
				LD_RUNPATH_SEARCH_PATHS = (
					"$(inherited)",
					"@executable_path/../Frameworks",
				);
				MACOSX_DEPLOYMENT_TARGET = 10.14;
				MARKETING_VERSION = 1.2;
				PRODUCT_BUNDLE_IDENTIFIER = com.music3149.FinaleControl;
				PRODUCT_NAME = "$(TARGET_NAME)";
				SWIFT_VERSION = 4.0;
			};
			name = Debug;
		};
		63941DC824DCB29C00A9C06A /* Release */ = {
			isa = XCBuildConfiguration;
			baseConfigurationReference = 5FCBCF983F325202EB1100C1 /* Pods-FinaleControl.release.xcconfig */;
			buildSettings = {
				ASSETCATALOG_COMPILER_APPICON_NAME = AppIcon;
				CODE_SIGN_ENTITLEMENTS = FinaleControl/FinaleControl.entitlements;
				CODE_SIGN_STYLE = Automatic;
				COMBINE_HIDPI_IMAGES = YES;
				CURRENT_PROJECT_VERSION = 8;
				DEVELOPMENT_ASSET_PATHS = "\"FinaleControl/Preview Content\"";
				DEVELOPMENT_TEAM = 235985W3SD;
				ENABLE_PREVIEWS = YES;
				INFOPLIST_FILE = FinaleControl/Info.plist;
				LD_RUNPATH_SEARCH_PATHS = (
					"$(inherited)",
					"@executable_path/../Frameworks",
				);
				MACOSX_DEPLOYMENT_TARGET = 10.14;
				MARKETING_VERSION = 1.2;
				PRODUCT_BUNDLE_IDENTIFIER = com.music3149.FinaleControl;
				PRODUCT_NAME = "$(TARGET_NAME)";
				SWIFT_VERSION = 4.0;
			};
			name = Release;
		};
		63941DCA24DCB29C00A9C06A /* Debug */ = {
			isa = XCBuildConfiguration;
			buildSettings = {
				ALWAYS_EMBED_SWIFT_STANDARD_LIBRARIES = YES;
				BUNDLE_LOADER = "$(TEST_HOST)";
				CODE_SIGN_STYLE = Automatic;
				COMBINE_HIDPI_IMAGES = YES;
				INFOPLIST_FILE = FinaleControlTests/Info.plist;
				LD_RUNPATH_SEARCH_PATHS = (
					"$(inherited)",
					"@executable_path/../Frameworks",
					"@loader_path/../Frameworks",
				);
				MACOSX_DEPLOYMENT_TARGET = 10.15;
				PRODUCT_BUNDLE_IDENTIFIER = com.music3149.FinaleControlTests;
				PRODUCT_NAME = "$(TARGET_NAME)";
				SWIFT_VERSION = 5.0;
				TEST_HOST = "$(BUILT_PRODUCTS_DIR)/FinaleControl.app/Contents/MacOS/FinaleControl";
			};
			name = Debug;
		};
		63941DCB24DCB29C00A9C06A /* Release */ = {
			isa = XCBuildConfiguration;
			buildSettings = {
				ALWAYS_EMBED_SWIFT_STANDARD_LIBRARIES = YES;
				BUNDLE_LOADER = "$(TEST_HOST)";
				CODE_SIGN_STYLE = Automatic;
				COMBINE_HIDPI_IMAGES = YES;
				INFOPLIST_FILE = FinaleControlTests/Info.plist;
				LD_RUNPATH_SEARCH_PATHS = (
					"$(inherited)",
					"@executable_path/../Frameworks",
					"@loader_path/../Frameworks",
				);
				MACOSX_DEPLOYMENT_TARGET = 10.15;
				PRODUCT_BUNDLE_IDENTIFIER = com.music3149.FinaleControlTests;
				PRODUCT_NAME = "$(TARGET_NAME)";
				SWIFT_VERSION = 5.0;
				TEST_HOST = "$(BUILT_PRODUCTS_DIR)/FinaleControl.app/Contents/MacOS/FinaleControl";
			};
			name = Release;
		};
		63941DCD24DCB29C00A9C06A /* Debug */ = {
			isa = XCBuildConfiguration;
			buildSettings = {
				ALWAYS_EMBED_SWIFT_STANDARD_LIBRARIES = YES;
				CODE_SIGN_STYLE = Automatic;
				COMBINE_HIDPI_IMAGES = YES;
				INFOPLIST_FILE = FinaleControlUITests/Info.plist;
				LD_RUNPATH_SEARCH_PATHS = (
					"$(inherited)",
					"@executable_path/../Frameworks",
					"@loader_path/../Frameworks",
				);
				PRODUCT_BUNDLE_IDENTIFIER = com.music3149.FinaleControlUITests;
				PRODUCT_NAME = "$(TARGET_NAME)";
				SWIFT_VERSION = 5.0;
				TEST_TARGET_NAME = FinaleControl;
			};
			name = Debug;
		};
		63941DCE24DCB29C00A9C06A /* Release */ = {
			isa = XCBuildConfiguration;
			buildSettings = {
				ALWAYS_EMBED_SWIFT_STANDARD_LIBRARIES = YES;
				CODE_SIGN_STYLE = Automatic;
				COMBINE_HIDPI_IMAGES = YES;
				INFOPLIST_FILE = FinaleControlUITests/Info.plist;
				LD_RUNPATH_SEARCH_PATHS = (
					"$(inherited)",
					"@executable_path/../Frameworks",
					"@loader_path/../Frameworks",
				);
				PRODUCT_BUNDLE_IDENTIFIER = com.music3149.FinaleControlUITests;
				PRODUCT_NAME = "$(TARGET_NAME)";
				SWIFT_VERSION = 5.0;
				TEST_TARGET_NAME = FinaleControl;
			};
			name = Release;
		};
/* End XCBuildConfiguration section */

/* Begin XCConfigurationList section */
		63941D9824DCB29900A9C06A /* Build configuration list for PBXProject "FinaleControl" */ = {
			isa = XCConfigurationList;
			buildConfigurations = (
				63941DC424DCB29C00A9C06A /* Debug */,
				63941DC524DCB29C00A9C06A /* Release */,
			);
			defaultConfigurationIsVisible = 0;
			defaultConfigurationName = Release;
		};
		63941DC624DCB29C00A9C06A /* Build configuration list for PBXNativeTarget "FinaleControl" */ = {
			isa = XCConfigurationList;
			buildConfigurations = (
				63941DC724DCB29C00A9C06A /* Debug */,
				63941DC824DCB29C00A9C06A /* Release */,
			);
			defaultConfigurationIsVisible = 0;
			defaultConfigurationName = Release;
		};
		63941DC924DCB29C00A9C06A /* Build configuration list for PBXNativeTarget "FinaleControlTests" */ = {
			isa = XCConfigurationList;
			buildConfigurations = (
				63941DCA24DCB29C00A9C06A /* Debug */,
				63941DCB24DCB29C00A9C06A /* Release */,
			);
			defaultConfigurationIsVisible = 0;
			defaultConfigurationName = Release;
		};
		63941DCC24DCB29C00A9C06A /* Build configuration list for PBXNativeTarget "FinaleControlUITests" */ = {
			isa = XCConfigurationList;
			buildConfigurations = (
				63941DCD24DCB29C00A9C06A /* Debug */,
				63941DCE24DCB29C00A9C06A /* Release */,
			);
			defaultConfigurationIsVisible = 0;
			defaultConfigurationName = Release;
		};
/* End XCConfigurationList section */

/* Begin XCRemoteSwiftPackageReference section */
		63941DE324DCB4A200A9C06A /* XCRemoteSwiftPackageReference "swifter" */ = {
			isa = XCRemoteSwiftPackageReference;
			repositoryURL = "https://github.com/httpswift/swifter.git";
			requirement = {
				branch = stable;
				kind = branch;
			};
		};
		63941DE924DCBEB400A9C06A /* XCRemoteSwiftPackageReference "AXSwift" */ = {
			isa = XCRemoteSwiftPackageReference;
			repositoryURL = "https://github.com/tmandry/AXSwift.git";
			requirement = {
				branch = master;
				kind = branch;
			};
		};
		63941DEC24DCBFBA00A9C06A /* XCRemoteSwiftPackageReference "PromiseKit" */ = {
			isa = XCRemoteSwiftPackageReference;
			repositoryURL = "https://github.com/mxcl/PromiseKit.git";
			requirement = {
				branch = master;
				kind = branch;
			};
		};
/* End XCRemoteSwiftPackageReference section */
	};
	rootObject = 63941D9524DCB29900A9C06A /* Project object */;
}
